// !$*UTF8*$!
{
	archiveVersion = 1;
	classes = {
	};
	objectVersion = 46;
	objects = {

/* Begin PBXBuildFile section */
		7108190614636A3200946AA8 /* main.cpp in Sources */ = {isa = PBXBuildFile; fileRef = 7108190514636A3200946AA8 /* main.cpp */; };
		7108190814636A3200946AA8 /* SparseMatrix.1 in CopyFiles */ = {isa = PBXBuildFile; fileRef = 7108190714636A3200946AA8 /* SparseMatrix.1 */; };
/* End PBXBuildFile section */

/* Begin PBXCopyFilesBuildPhase section */
		710818FF14636A3100946AA8 /* CopyFiles */ = {
			isa = PBXCopyFilesBuildPhase;
			buildActionMask = 2147483647;
			dstPath = /usr/share/man/man1/;
			dstSubfolderSpec = 0;
			files = (
				7108190814636A3200946AA8 /* SparseMatrix.1 in CopyFiles */,
			);
			runOnlyForDeploymentPostprocessing = 1;
		};
/* End PBXCopyFilesBuildPhase section */

/* Begin PBXFileReference section */
		7108190114636A3100946AA8 /* SparseMatrix */ = {isa = PBXFileReference; explicitFileType = "compiled.mach-o.executable"; includeInIndex = 0; path = SparseMatrix; sourceTree = BUILT_PRODUCTS_DIR; };
		7108190514636A3200946AA8 /* main.cpp */ = {isa = PBXFileReference; lastKnownFileType = sourcecode.cpp.cpp; path = main.cpp; sourceTree = "<group>"; };
		7108190714636A3200946AA8 /* SparseMatrix.1 */ = {isa = PBXFileReference; lastKnownFileType = text.man; path = SparseMatrix.1; sourceTree = "<group>"; };
/* End PBXFileReference section */

/* Begin PBXFrameworksBuildPhase section */
		710818FE14636A3100946AA8 /* Frameworks */ = {
			isa = PBXFrameworksBuildPhase;
			buildActionMask = 2147483647;
			files = (
			);
			runOnlyForDeploymentPostprocessing = 0;
		};
/* End PBXFrameworksBuildPhase section */

/* Begin PBXGroup section */
		710818F614636A3100946AA8 = {
			isa = PBXGroup;
			children = (
				7108190414636A3100946AA8 /* SparseMatrix */,
				7108190214636A3100946AA8 /* Products */,
			);
			sourceTree = "<group>";
		};
		7108190214636A3100946AA8 /* Products */ = {
			isa = PBXGroup;
			children = (
				7108190114636A3100946AA8 /* SparseMatrix */,
			);
			name = Products;
			sourceTree = "<group>";
		};
		7108190414636A3100946AA8 /* SparseMatrix */ = {
			isa = PBXGroup;
			children = (
				7108190514636A3200946AA8 /* main.cpp */,
				7108190714636A3200946AA8 /* SparseMatrix.1 */,
			);
			path = SparseMatrix;
			sourceTree = "<group>";
		};
/* End PBXGroup section */

/* Begin PBXNativeTarget section */
		7108190014636A3100946AA8 /* SparseMatrix */ = {
			isa = PBXNativeTarget;
			buildConfigurationList = 7108190B14636A3200946AA8 /* Build configuration list for PBXNativeTarget "SparseMatrix" */;
			buildPhases = (
				710818FD14636A3100946AA8 /* Sources */,
				710818FE14636A3100946AA8 /* Frameworks */,
				710818FF14636A3100946AA8 /* CopyFiles */,
			);
			buildRules = (
			);
			dependencies = (
			);
			name = SparseMatrix;
			productName = SparseMatrix;
			productReference = 7108190114636A3100946AA8 /* SparseMatrix */;
			productType = "com.apple.product-type.tool";
		};
/* End PBXNativeTarget section */

/* Begin PBXProject section */
		710818F814636A3100946AA8 /* Project object */ = {
			isa = PBXProject;
			attributes = {
				LastUpgradeCheck = 0420;
			};
			buildConfigurationList = 710818FB14636A3100946AA8 /* Build configuration list for PBXProject "SparseMatrix" */;
			compatibilityVersion = "Xcode 3.2";
			developmentRegion = English;
			hasScannedForEncodings = 0;
			knownRegions = (
				en,
			);
			mainGroup = 710818F614636A3100946AA8;
			productRefGroup = 7108190214636A3100946AA8 /* Products */;
			projectDirPath = "";
			projectRoot = "";
			targets = (
				7108190014636A3100946AA8 /* SparseMatrix */,
			);
		};
/* End PBXProject section */

/* Begin PBXSourcesBuildPhase section */
		710818FD14636A3100946AA8 /* Sources */ = {
			isa = PBXSourcesBuildPhase;
			buildActionMask = 2147483647;
			files = (
				7108190614636A3200946AA8 /* main.cpp in Sources */,
			);
			runOnlyForDeploymentPostprocessing = 0;
		};
/* End PBXSourcesBuildPhase section */

/* Begin XCBuildConfiguration section */
		7108190914636A3200946AA8 /* Debug */ = {
			isa = XCBuildConfiguration;
			buildSettings = {
				ALWAYS_SEARCH_USER_PATHS = NO;
				ARCHS = "$(ARCHS_STANDARD_64_BIT)";
				CLANG_ENABLE_OBJC_ARC = YES;
				COPY_PHASE_STRIP = NO;
				GCC_C_LANGUAGE_STANDARD = gnu99;
				GCC_DYNAMIC_NO_PIC = NO;
				GCC_ENABLE_OBJC_EXCEPTIONS = YES;
				GCC_OPTIMIZATION_LEVEL = 0;
				GCC_PREPROCESSOR_DEFINITIONS = (
					"DEBUG=1",
					"$(inherited)",
				);
				GCC_SYMBOLS_PRIVATE_EXTERN = NO;
				GCC_VERSION = com.apple.compilers.llvm.clang.1_0;
				GCC_WARN_64_TO_32_BIT_CONVERSION = YES;
				GCC_WARN_ABOUT_MISSING_PROTOTYPES = YES;
				GCC_WARN_ABOUT_RETURN_TYPE = YES;
				GCC_WARN_UNUSED_VARIABLE = YES;
				MACOSX_DEPLOYMENT_TARGET = 10.7;
				ONLY_ACTIVE_ARCH = YES;
				SDKROOT = macosx;
			};
			name = Debug;
		};
		7108190A14636A3200946AA8 /* Release */ = {
			isa = XCBuildConfiguration;
			buildSettings = {
				ALWAYS_SEARCH_USER_PATHS = NO;
				ARCHS = "$(ARCHS_STANDARD_64_BIT)";
				CLANG_ENABLE_OBJC_ARC = YES;
				COPY_PHASE_STRIP = YES;
				DEBUG_INFORMATION_FORMAT = "dwarf-with-dsym";
				GCC_C_LANGUAGE_STANDARD = gnu99;
				GCC_ENABLE_OBJC_EXCEPTIONS = YES;
				GCC_VERSION = com.apple.compilers.llvm.clang.1_0;
				GCC_WARN_64_TO_32_BIT_CONVERSION = YES;
				GCC_WARN_ABOUT_MISSING_PROTOTYPES = YES;
				GCC_WARN_ABOUT_RETURN_TYPE = YES;
				GCC_WARN_UNUSED_VARIABLE = YES;
				MACOSX_DEPLOYMENT_TARGET = 10.7;
				SDKROOT = macosx;
			};
			name = Release;
		};
		7108190C14636A3200946AA8 /* Debug */ = {
			isa = XCBuildConfiguration;
			buildSettings = {
				PRODUCT_NAME = "$(TARGET_NAME)";
			};
			name = Debug;
		};
		7108190D14636A3200946AA8 /* Release */ = {
			isa = XCBuildConfiguration;
			buildSettings = {
				PRODUCT_NAME = "$(TARGET_NAME)";
			};
			name = Release;
		};
/* End XCBuildConfiguration section */

/* Begin XCConfigurationList section */
		710818FB14636A3100946AA8 /* Build configuration list for PBXProject "SparseMatrix" */ = {
			isa = XCConfigurationList;
			buildConfigurations = (
				7108190914636A3200946AA8 /* Debug */,
				7108190A14636A3200946AA8 /* Release */,
			);
			defaultConfigurationIsVisible = 0;
			defaultConfigurationName = Release;
		};
		7108190B14636A3200946AA8 /* Build configuration list for PBXNativeTarget "SparseMatrix" */ = {
			isa = XCConfigurationList;
			buildConfigurations = (
				7108190C14636A3200946AA8 /* Debug */,
				7108190D14636A3200946AA8 /* Release */,
			);
			defaultConfigurationIsVisible = 0;
		};
/* End XCConfigurationList section */
	};
	rootObject = 710818F814636A3100946AA8 /* Project object */;
}
